Microsoft Visual Studio Solution File, Format Version 12.00
# Visual Studio Version 17
VisualStudioVersion = 17.0.31903.59
MinimumVisualStudioVersion = 10.0.40219.1
Project("{FAE04EC0-301F-11D3-BF4B-00C04F79EFBC}") = "TwitClock.Core", "src\TwitClock.Core\TwitClock.Core.csproj", "{C732D615-F39E-4CC6-912A-53F2F4B6F90B}"
EndProject
Project("{FAE04EC0-301F-11D3-BF4B-00C04F79EFBC}") = "TwitClock", "src\TwitClock\TwitClock.csproj", "{7865D79B-9FF5-494E-BC04-6AE3A8629B53}"
EndProject
Project("{FAE04EC0-301F-11D3-BF4B-00C04F79EFBC}") = "TwitClock.Core.Tests", "tests\TwitClock.Core.Tests\TwitClock.Core.Tests.csproj", "{6730B8A3-F1AB-4A26-9729-2B5603C0BA70}"
EndProject
Global
	GlobalSection(SolutionConfigurationPlatforms) = preSolution
		Debug|Any CPU = Debug|Any CPU
		Release|Any CPU = Release|Any CPU
	EndGlobalSection
	GlobalSection(ProjectConfigurationPlatforms) = postSolution
		{C732D615-F39E-4CC6-912A-53F2F4B6F90B}.Debug|Any CPU.ActiveCfg = Debug|Any CPU
		{C732D615-F39E-4CC6-912A-53F2F4B6F90B}.Debug|Any CPU.Build.0 = Debug|Any CPU
		{C732D615-F39E-4CC6-912A-53F2F4B6F90B}.Release|Any CPU.ActiveCfg = Release|Any CPU
		{C732D615-F39E-4CC6-912A-53F2F4B6F90B}.Release|Any CPU.Build.0 = Release|Any CPU
		{7865D79B-9FF5-494E-BC04-6AE3A8629B53}.Debug|Any CPU.ActiveCfg = Debug|Any CPU
		{7865D79B-9FF5-494E-BC04-6AE3A8629B53}.Debug|Any CPU.Build.0 = Debug|Any CPU
		{7865D79B-9FF5-494E-BC04-6AE3A8629B53}.Release|Any CPU.ActiveCfg = Release|Any CPU
		{7865D79B-9FF5-494E-BC04-6AE3A8629B53}.Release|Any CPU.Build.0 = Release|Any CPU
		{6730B8A3-F1AB-4A26-9729-2B5603C0BA70}.Debug|Any CPU.ActiveCfg = Debug|Any CPU
		{6730B8A3-F1AB-4A26-9729-2B5603C0BA70}.Debug|Any CPU.Build.0 = Debug|Any CPU
		{6730B8A3-F1AB-4A26-9729-2B5603C0BA70}.Release|Any CPU.ActiveCfg = Release|Any CPU
		{6730B8A3-F1AB-4A26-9729-2B5603C0BA70}.Release|Any CPU.Build.0 = Release|Any CPU
	EndGlobalSection
	GlobalSection(SolutionProperties) = preSolution
		HideSolutionNode = FALSE
	EndGlobalSection
EndGlobal
